
Microsoft Visual Studio Solution File, Format Version 12.00
# Visual Studio Version 16
VisualStudioVersion = 16.0.809.7
MinimumVisualStudioVersion = 10.0.40219.1
Project("{FAE04EC0-301F-11D3-BF4B-00C04F79EFBC}") = "News.Android", "News.Android\News.Android.csproj", "{629A457C-C3AF-4C19-A579-2226BEC99924}"
EndProject
Project("{FAE04EC0-301F-11D3-BF4B-00C04F79EFBC}") = "News.iOS", "News.iOS\News.iOS.csproj", "{1FF8E0AB-DE5E-49D9-8363-93B61692B734}"
EndProject
Project("{FAE04EC0-301F-11D3-BF4B-00C04F79EFBC}") = "News", "News\News.csproj", "{0B2A249B-8160-4F33-9C49-C45BB705E81E}"
EndProject
Global
	GlobalSection(SolutionConfigurationPlatforms) = preSolution
		Debug|Any CPU = Debug|Any CPU
		Release|Any CPU = Release|Any CPU
		Debug|iPhoneSimulator = Debug|iPhoneSimulator
		Release|iPhoneSimulator = Release|iPhoneSimulator
		Debug|iPhone = Debug|iPhone
		Release|iPhone = Release|iPhone
	EndGlobalSection
	GlobalSection(ProjectConfigurationPlatforms) = postSolution
		{629A457C-C3AF-4C19-A579-2226BEC99924}.Debug|Any CPU.ActiveCfg = Debug|Any CPU
		{629A457C-C3AF-4C19-A579-2226BEC99924}.Debug|Any CPU.Build.0 = Debug|Any CPU
		{629A457C-C3AF-4C19-A579-2226BEC99924}.Release|Any CPU.ActiveCfg = Release|Any CPU
		{629A457C-C3AF-4C19-A579-2226BEC99924}.Release|Any CPU.Build.0 = Release|Any CPU
		{629A457C-C3AF-4C19-A579-2226BEC99924}.Debug|iPhoneSimulator.ActiveCfg = Debug|Any CPU
		{629A457C-C3AF-4C19-A579-2226BEC99924}.Debug|iPhoneSimulator.Build.0 = Debug|Any CPU
		{629A457C-C3AF-4C19-A579-2226BEC99924}.Release|iPhoneSimulator.ActiveCfg = Release|Any CPU
		{629A457C-C3AF-4C19-A579-2226BEC99924}.Release|iPhoneSimulator.Build.0 = Release|Any CPU
		{629A457C-C3AF-4C19-A579-2226BEC99924}.Debug|iPhone.ActiveCfg = Debug|Any CPU
		{629A457C-C3AF-4C19-A579-2226BEC99924}.Debug|iPhone.Build.0 = Debug|Any CPU
		{629A457C-C3AF-4C19-A579-2226BEC99924}.Release|iPhone.ActiveCfg = Release|Any CPU
		{629A457C-C3AF-4C19-A579-2226BEC99924}.Release|iPhone.Build.0 = Release|Any CPU
		{1FF8E0AB-DE5E-49D9-8363-93B61692B734}.Debug|Any CPU.ActiveCfg = Debug|iPhoneSimulator
		{1FF8E0AB-DE5E-49D9-8363-93B61692B734}.Debug|Any CPU.Build.0 = Debug|iPhoneSimulator
		{1FF8E0AB-DE5E-49D9-8363-93B61692B734}.Release|Any CPU.ActiveCfg = Release|iPhoneSimulator
		{1FF8E0AB-DE5E-49D9-8363-93B61692B734}.Release|Any CPU.Build.0 = Release|iPhoneSimulator
		{1FF8E0AB-DE5E-49D9-8363-93B61692B734}.Debug|iPhoneSimulator.ActiveCfg = Debug|iPhoneSimulator
		{1FF8E0AB-DE5E-49D9-8363-93B61692B734}.Debug|iPhoneSimulator.Build.0 = Debug|iPhoneSimulator
		{1FF8E0AB-DE5E-49D9-8363-93B61692B734}.Release|iPhoneSimulator.ActiveCfg = Release|iPhoneSimulator
		{1FF8E0AB-DE5E-49D9-8363-93B61692B734}.Release|iPhoneSimulator.Build.0 = Release|iPhoneSimulator
		{1FF8E0AB-DE5E-49D9-8363-93B61692B734}.Debug|iPhone.ActiveCfg = Debug|iPhone
		{1FF8E0AB-DE5E-49D9-8363-93B61692B734}.Debug|iPhone.Build.0 = Debug|iPhone
		{1FF8E0AB-DE5E-49D9-8363-93B61692B734}.Release|iPhone.ActiveCfg = Release|iPhone
		{1FF8E0AB-DE5E-49D9-8363-93B61692B734}.Release|iPhone.Build.0 = Release|iPhone
		{0B2A249B-8160-4F33-9C49-C45BB705E81E}.Debug|Any CPU.ActiveCfg = Debug|Any CPU
		{0B2A249B-8160-4F33-9C49-C45BB705E81E}.Debug|Any CPU.Build.0 = Debug|Any CPU
		{0B2A249B-8160-4F33-9C49-C45BB705E81E}.Release|Any CPU.ActiveCfg = Release|Any CPU
		{0B2A249B-8160-4F33-9C49-C45BB705E81E}.Release|Any CPU.Build.0 = Release|Any CPU
		{0B2A249B-8160-4F33-9C49-C45BB705E81E}.Debug|iPhoneSimulator.ActiveCfg = Debug|Any CPU
		{0B2A249B-8160-4F33-9C49-C45BB705E81E}.Debug|iPhoneSimulator.Build.0 = Debug|Any CPU
		{0B2A249B-8160-4F33-9C49-C45BB705E81E}.Release|iPhoneSimulator.ActiveCfg = Release|Any CPU
		{0B2A249B-8160-4F33-9C49-C45BB705E81E}.Release|iPhoneSimulator.Build.0 = Release|Any CPU
		{0B2A249B-8160-4F33-9C49-C45BB705E81E}.Debug|iPhone.ActiveCfg = Debug|Any CPU
		{0B2A249B-8160-4F33-9C49-C45BB705E81E}.Debug|iPhone.Build.0 = Debug|Any CPU
		{0B2A249B-8160-4F33-9C49-C45BB705E81E}.Release|iPhone.ActiveCfg = Release|Any CPU
		{0B2A249B-8160-4F33-9C49-C45BB705E81E}.Release|iPhone.Build.0 = Release|Any CPU
	EndGlobalSection
	GlobalSection(SolutionProperties) = preSolution
		HideSolutionNode = FALSE
	EndGlobalSection
	GlobalSection(ExtensibilityGlobals) = postSolution
		SolutionGuid = {35EFDBE4-E285-43C5-B562-E73E46F72F7F}
	EndGlobalSection
EndGlobal
